
Microsoft Visual Studio Solution File, Format Version 12.00
# Visual Studio Version 17
VisualStudioVersion = 17.13.35806.99
MinimumVisualStudioVersion = 10.0.40219.1
Project("{FAE04EC0-301F-11D3-BF4B-00C04F79EFBC}") = "HomeWork", "HomeWork\HomeWork.csproj", "{C35797B6-7EF4-4B97-B98D-2E32D7AD0F11}"
EndProject
Global
	GlobalSection(SolutionConfigurationPlatforms) = preSolution
		Debug|Any CPU = Debug|Any CPU
		Release|Any CPU = Release|Any CPU
	EndGlobalSection
	GlobalSection(ProjectConfigurationPlatforms) = postSolution
		{C35797B6-7EF4-4B97-B98D-2E32D7AD0F11}.Debug|Any CPU.ActiveCfg = Debug|Any CPU
		{C35797B6-7EF4-4B97-B98D-2E32D7AD0F11}.Debug|Any CPU.Build.0 = Debug|Any CPU
		{C35797B6-7EF4-4B97-B98D-2E32D7AD0F11}.Release|Any CPU.ActiveCfg = Release|Any CPU
		{C35797B6-7EF4-4B97-B98D-2E32D7AD0F11}.Release|Any CPU.Build.0 = Release|Any CPU
	EndGlobalSection
	GlobalSection(SolutionProperties) = preSolution
		HideSolutionNode = FALSE
	EndGlobalSection
	GlobalSection(ExtensibilityGlobals) = postSolution
		SolutionGuid = {3C43CA60-F276-445F-80A0-9DA40150B45C}
	EndGlobalSection
EndGlobal
